
Microsoft Visual Studio Solution File, Format Version 12.00
# Visual Studio 2017
Project("{FAE04EC0-301F-11D3-BF4B-00C04F79EFBC}") = "VolumetricRendering", "VolumetricRendering.csproj", "{F4CE56C7-176D-FC08-0CCC-6C3933FDE79B}"
EndProject
Project("{FAE04EC0-301F-11D3-BF4B-00C04F79EFBC}") = "VolumetricRendering.Editor", "VolumetricRendering.Editor.csproj", "{8886523B-5A11-96FC-7AB2-6C35E5C1A732}"
EndProject
Global
	GlobalSection(SolutionConfigurationPlatforms) = preSolution
		Debug|Any CPU = Debug|Any CPU
		Release|Any CPU = Release|Any CPU
	EndGlobalSection
	GlobalSection(ProjectConfigurationPlatforms) = postSolution
		{F4CE56C7-176D-FC08-0CCC-6C3933FDE79B}.Debug|Any CPU.ActiveCfg = Debug|Any CPU
		{F4CE56C7-176D-FC08-0CCC-6C3933FDE79B}.Debug|Any CPU.Build.0 = Debug|Any CPU
		{F4CE56C7-176D-FC08-0CCC-6C3933FDE79B}.Release|Any CPU.ActiveCfg = Release|Any CPU
		{F4CE56C7-176D-FC08-0CCC-6C3933FDE79B}.Release|Any CPU.Build.0 = Release|Any CPU
		{8886523B-5A11-96FC-7AB2-6C35E5C1A732}.Debug|Any CPU.ActiveCfg = Debug|Any CPU
		{8886523B-5A11-96FC-7AB2-6C35E5C1A732}.Debug|Any CPU.Build.0 = Debug|Any CPU
		{8886523B-5A11-96FC-7AB2-6C35E5C1A732}.Release|Any CPU.ActiveCfg = Release|Any CPU
		{8886523B-5A11-96FC-7AB2-6C35E5C1A732}.Release|Any CPU.Build.0 = Release|Any CPU
	EndGlobalSection
	GlobalSection(SolutionProperties) = preSolution
		HideSolutionNode = FALSE
	EndGlobalSection
EndGlobal
